
Microsoft Visual Studio Solution File, Format Version 12.00
# Visual Studio Version 16
VisualStudioVersion = 16.0.30503.244
MinimumVisualStudioVersion = 10.0.40219.1
Project("{FAE04EC0-301F-11D3-BF4B-00C04F79EFBC}") = "TicTacToeGame", "TicTacToeGame\TicTacToeGame.csproj", "{2F876252-0AD7-4519-BF15-D897C2082C95}"
EndProject
Global
	GlobalSection(SolutionConfigurationPlatforms) = preSolution
		Debug|Any CPU = Debug|Any CPU
		Release|Any CPU = Release|Any CPU
	EndGlobalSection
	GlobalSection(ProjectConfigurationPlatforms) = postSolution
		{2F876252-0AD7-4519-BF15-D897C2082C95}.Debug|Any CPU.ActiveCfg = Debug|Any CPU
		{2F876252-0AD7-4519-BF15-D897C2082C95}.Debug|Any CPU.Build.0 = Debug|Any CPU
		{2F876252-0AD7-4519-BF15-D897C2082C95}.Release|Any CPU.ActiveCfg = Release|Any CPU
		{2F876252-0AD7-4519-BF15-D897C2082C95}.Release|Any CPU.Build.0 = Release|Any CPU
	EndGlobalSection
	GlobalSection(SolutionProperties) = preSolution
		HideSolutionNode = FALSE
	EndGlobalSection
	GlobalSection(ExtensibilityGlobals) = postSolution
		SolutionGuid = {BCF79169-36FB-4284-9FA2-0B0FA2AD612A}
	EndGlobalSection
EndGlobal
